
Microsoft Visual Studio Solution File, Format Version 12.00
# Visual Studio Version 17
VisualStudioVersion = 17.2.32602.215
MinimumVisualStudioVersion = 10.0.40219.1
Project("{8BC9CEB8-8B4A-11D0-8D11-00A0C91BC942}") = "Slots_and_signals", "QtApp\QtApp.vcxproj", "{9A38B62A-AD91-4042-8797-767E7EE1939E}"
EndProject
Project("{8BC9CEB8-8B4A-11D0-8D11-00A0C91BC942}") = "QTEST", "QTEST\QTEST.vcxproj", "{758B77A0-B468-4410-A938-95A3580EA7B7}"
EndProject
Project("{8BC9CEB8-8B4A-11D0-8D11-00A0C91BC942}") = "checkboxes_switches_buttons", "checkboxes_switches_buttons\checkboxes_switches_buttons.vcxproj", "{7482043B-42EB-45D7-A692-D6AD8767CF1C}"
EndProject
Global
	GlobalSection(SolutionConfigurationPlatforms) = preSolution
		Debug|x64 = Debug|x64
		Release|x64 = Release|x64
	EndGlobalSection
	GlobalSection(ProjectConfigurationPlatforms) = postSolution
		{9A38B62A-AD91-4042-8797-767E7EE1939E}.Debug|x64.ActiveCfg = Debug|x64
		{9A38B62A-AD91-4042-8797-767E7EE1939E}.Debug|x64.Build.0 = Debug|x64
		{9A38B62A-AD91-4042-8797-767E7EE1939E}.Release|x64.ActiveCfg = Release|x64
		{9A38B62A-AD91-4042-8797-767E7EE1939E}.Release|x64.Build.0 = Release|x64
		{758B77A0-B468-4410-A938-95A3580EA7B7}.Debug|x64.ActiveCfg = Debug|x64
		{758B77A0-B468-4410-A938-95A3580EA7B7}.Debug|x64.Build.0 = Debug|x64
		{758B77A0-B468-4410-A938-95A3580EA7B7}.Release|x64.ActiveCfg = Release|x64
		{758B77A0-B468-4410-A938-95A3580EA7B7}.Release|x64.Build.0 = Release|x64
		{7482043B-42EB-45D7-A692-D6AD8767CF1C}.Debug|x64.ActiveCfg = Debug|x64
		{7482043B-42EB-45D7-A692-D6AD8767CF1C}.Debug|x64.Build.0 = Debug|x64
		{7482043B-42EB-45D7-A692-D6AD8767CF1C}.Release|x64.ActiveCfg = Release|x64
		{7482043B-42EB-45D7-A692-D6AD8767CF1C}.Release|x64.Build.0 = Release|x64
	EndGlobalSection
	GlobalSection(SolutionProperties) = preSolution
		HideSolutionNode = FALSE
	EndGlobalSection
	GlobalSection(ExtensibilityGlobals) = postSolution
		SolutionGuid = {A6F0E1E1-4024-4FF5-8D9B-EBFB03FD4B7A}
	EndGlobalSection
EndGlobal
